
Microsoft Visual Studio Solution File, Format Version 12.00
# Visual Studio 2013
VisualStudioVersion = 12.0.21005.1
MinimumVisualStudioVersion = 10.0.40219.1
Project("{FAE04EC0-301F-11D3-BF4B-00C04F79EFBC}") = "CoTD", "CoTD\CoTD.csproj", "{9B713E69-EFD8-4CE1-B63C-D115C9502FEF}"
EndProject
Global
	GlobalSection(SolutionConfigurationPlatforms) = preSolution
		Debug|Any CPU = Debug|Any CPU
		Release|Any CPU = Release|Any CPU
	EndGlobalSection
	GlobalSection(ProjectConfigurationPlatforms) = postSolution
		{9B713E69-EFD8-4CE1-B63C-D115C9502FEF}.Debug|Any CPU.ActiveCfg = Debug|Any CPU
		{9B713E69-EFD8-4CE1-B63C-D115C9502FEF}.Debug|Any CPU.Build.0 = Debug|Any CPU
		{9B713E69-EFD8-4CE1-B63C-D115C9502FEF}.Release|Any CPU.ActiveCfg = Release|Any CPU
		{9B713E69-EFD8-4CE1-B63C-D115C9502FEF}.Release|Any CPU.Build.0 = Release|Any CPU
	EndGlobalSection
	GlobalSection(SolutionProperties) = preSolution
		HideSolutionNode = FALSE
	EndGlobalSection
EndGlobal
